{
  "name": "impose",
  "version": "2.1.1",
  "lockfileVersion": 3,
  "requires": true,
  "packages": {
    "": {
      "name": "impose",
      "version": "2.1.1",
      "license": "MIT",
      "dependencies": {
        "chalk": "^5.3.0"
      },
      "bin": {
        "impose": "index.js"
      },
      "devDependencies": {
        "@github/prettier-config": "^0.0.6",
        "prettier": "^3.2.5"
      }
    },
    "node_modules/@github/prettier-config": {
      "version": "0.0.6",
      "dev": true,
      "license": "MIT"
    },
    "node_modules/chalk": {
      "version": "5.3.0",
      "license": "MIT",
      "engines": {
        "node": "^12.17.0 || ^14.13 || >=16.0.0"
      },
      "funding": {
        "url": "https://github.com/chalk/chalk?sponsor=1"
      }
    },
    "node_modules/prettier": {
      "version": "3.2.5",
      "dev": true,
      "license": "MIT",
      "bin": {
        "prettier": "bin/prettier.cjs"
      },
      "engines": {
        "node": ">=14"
      },
      "funding": {
        "url": "https://github.com/prettier/prettier?sponsor=1"
      }
    }
  }
}
